
Microsoft Visual Studio Solution File, Format Version 12.00
# Visual Studio 14
VisualStudioVersion = 14.0.23107.0
MinimumVisualStudioVersion = 10.0.40219.1
Project("{FAE04EC0-301F-11D3-BF4B-00C04F79EFBC}") = "08_exemplo_crud", "08_exemplo_crud\08_exemplo_crud.csproj", "{AE2E8E43-2DDA-4BD1-81C3-4977050A9890}"
EndProject
Global
	GlobalSection(SolutionConfigurationPlatforms) = preSolution
		Debug|Any CPU = Debug|Any CPU
		Release|Any CPU = Release|Any CPU
	EndGlobalSection
	GlobalSection(ProjectConfigurationPlatforms) = postSolution
		{AE2E8E43-2DDA-4BD1-81C3-4977050A9890}.Debug|Any CPU.ActiveCfg = Debug|Any CPU
		{AE2E8E43-2DDA-4BD1-81C3-4977050A9890}.Debug|Any CPU.Build.0 = Debug|Any CPU
		{AE2E8E43-2DDA-4BD1-81C3-4977050A9890}.Release|Any CPU.ActiveCfg = Release|Any CPU
		{AE2E8E43-2DDA-4BD1-81C3-4977050A9890}.Release|Any CPU.Build.0 = Release|Any CPU
	EndGlobalSection
	GlobalSection(SolutionProperties) = preSolution
		HideSolutionNode = FALSE
	EndGlobalSection
EndGlobal
