
Microsoft Visual Studio Solution File, Format Version 12.00
# Visual Studio 14
VisualStudioVersion = 14.0.23107.0
MinimumVisualStudioVersion = 10.0.40219.1
Project("{FAE04EC0-301F-11D3-BF4B-00C04F79EFBC}") = "teste_game", "teste_game\teste_game.csproj", "{7273C8B2-D45E-47B0-AFDE-1AF868CE26FF}"
EndProject
Global
	GlobalSection(SolutionConfigurationPlatforms) = preSolution
		Debug|Any CPU = Debug|Any CPU
		Release|Any CPU = Release|Any CPU
	EndGlobalSection
	GlobalSection(ProjectConfigurationPlatforms) = postSolution
		{7273C8B2-D45E-47B0-AFDE-1AF868CE26FF}.Debug|Any CPU.ActiveCfg = Debug|Any CPU
		{7273C8B2-D45E-47B0-AFDE-1AF868CE26FF}.Debug|Any CPU.Build.0 = Debug|Any CPU
		{7273C8B2-D45E-47B0-AFDE-1AF868CE26FF}.Release|Any CPU.ActiveCfg = Release|Any CPU
		{7273C8B2-D45E-47B0-AFDE-1AF868CE26FF}.Release|Any CPU.Build.0 = Release|Any CPU
	EndGlobalSection
	GlobalSection(SolutionProperties) = preSolution
		HideSolutionNode = FALSE
	EndGlobalSection
EndGlobal
