
Microsoft Visual Studio Solution File, Format Version 12.00
# Visual Studio Version 17
VisualStudioVersion = 17.9.34728.123
MinimumVisualStudioVersion = 10.0.40219.1
Project("{FAE04EC0-301F-11D3-BF4B-00C04F79EFBC}") = "000_Modelo_Projeto_Theodoro", "05_biblioteca_games\000_Modelo_Projeto_Theodoro.csproj", "{B36EC6F4-C944-44EB-B64A-85F49ED1F94D}"
EndProject
Global
	GlobalSection(SolutionConfigurationPlatforms) = preSolution
		Debug|Any CPU = Debug|Any CPU
		Release|Any CPU = Release|Any CPU
	EndGlobalSection
	GlobalSection(ProjectConfigurationPlatforms) = postSolution
		{B36EC6F4-C944-44EB-B64A-85F49ED1F94D}.Debug|Any CPU.ActiveCfg = Debug|Any CPU
		{B36EC6F4-C944-44EB-B64A-85F49ED1F94D}.Debug|Any CPU.Build.0 = Debug|Any CPU
		{B36EC6F4-C944-44EB-B64A-85F49ED1F94D}.Release|Any CPU.ActiveCfg = Release|Any CPU
		{B36EC6F4-C944-44EB-B64A-85F49ED1F94D}.Release|Any CPU.Build.0 = Release|Any CPU
	EndGlobalSection
	GlobalSection(SolutionProperties) = preSolution
		HideSolutionNode = FALSE
	EndGlobalSection
EndGlobal
