
Microsoft Visual Studio Solution File, Format Version 12.00
# Visual Studio 14
VisualStudioVersion = 14.0.23107.0
MinimumVisualStudioVersion = 10.0.40219.1
Project("{FAE04EC0-301F-11D3-BF4B-00C04F79EFBC}") = "aula_01_soma", "aula_01_soma\aula_01_soma.csproj", "{5A01AED3-DAC3-45E7-8510-DD2EBE14150D}"
EndProject
Global
	GlobalSection(SolutionConfigurationPlatforms) = preSolution
		Debug|Any CPU = Debug|Any CPU
		Release|Any CPU = Release|Any CPU
	EndGlobalSection
	GlobalSection(ProjectConfigurationPlatforms) = postSolution
		{5A01AED3-DAC3-45E7-8510-DD2EBE14150D}.Debug|Any CPU.ActiveCfg = Debug|Any CPU
		{5A01AED3-DAC3-45E7-8510-DD2EBE14150D}.Debug|Any CPU.Build.0 = Debug|Any CPU
		{5A01AED3-DAC3-45E7-8510-DD2EBE14150D}.Release|Any CPU.ActiveCfg = Release|Any CPU
		{5A01AED3-DAC3-45E7-8510-DD2EBE14150D}.Release|Any CPU.Build.0 = Release|Any CPU
	EndGlobalSection
	GlobalSection(SolutionProperties) = preSolution
		HideSolutionNode = FALSE
	EndGlobalSection
EndGlobal
