
Microsoft Visual Studio Solution File, Format Version 12.00
# Visual Studio 14
VisualStudioVersion = 14.0.23107.0
MinimumVisualStudioVersion = 10.0.40219.1
Project("{FAE04EC0-301F-11D3-BF4B-00C04F79EFBC}") = "aula_04_eleitores", "aula_04_eleitores\aula_04_eleitores.csproj", "{7CB6E63D-6316-428E-9F2B-1DD36121A9CF}"
EndProject
Global
	GlobalSection(SolutionConfigurationPlatforms) = preSolution
		Debug|Any CPU = Debug|Any CPU
		Release|Any CPU = Release|Any CPU
	EndGlobalSection
	GlobalSection(ProjectConfigurationPlatforms) = postSolution
		{7CB6E63D-6316-428E-9F2B-1DD36121A9CF}.Debug|Any CPU.ActiveCfg = Debug|Any CPU
		{7CB6E63D-6316-428E-9F2B-1DD36121A9CF}.Debug|Any CPU.Build.0 = Debug|Any CPU
		{7CB6E63D-6316-428E-9F2B-1DD36121A9CF}.Release|Any CPU.ActiveCfg = Release|Any CPU
		{7CB6E63D-6316-428E-9F2B-1DD36121A9CF}.Release|Any CPU.Build.0 = Release|Any CPU
	EndGlobalSection
	GlobalSection(SolutionProperties) = preSolution
		HideSolutionNode = FALSE
	EndGlobalSection
EndGlobal
